// !$*UTF8*$!
{
	archiveVersion = 1;
	classes = {
	};
	objectVersion = 52;
	objects = {

/* Begin PBXBuildFile section */
		2152FB042600AC8F00CF470E /* iOSApp.swift in Sources */ = {isa = PBXBuildFile; fileRef = 2152FB032600AC8F00CF470E /* iOSApp.swift */; };
		8D4620872746BE6200698E00 /* shared.xcframework in Frameworks */ = {isa = PBXBuildFile; fileRef = 8DEE15B12744DCE800708391 /* shared.xcframework */; };
		8D4620882746BE6200698E00 /* shared.xcframework in Embed Frameworks */ = {isa = PBXBuildFile; fileRef = 8DEE15B12744DCE800708391 /* shared.xcframework */; settings = {ATTRIBUTES = (CodeSignOnCopy, RemoveHeadersOnCopy, ); }; };
		8DEE15A12744D82E00708391 /* MainScreenState+Extensions.swift in Sources */ = {isa = PBXBuildFile; fileRef = 8DEE158A2744D82E00708391 /* MainScreenState+Extensions.swift */; };
		8DEE15A22744D82E00708391 /* HighScoreStoreModel.swift in Sources */ = {isa = PBXBuildFile; fileRef = 8DEE158B2744D82E00708391 /* HighScoreStoreModel.swift */; };
		8DEE15A32744D82E00708391 /* Database.swift in Sources */ = {isa = PBXBuildFile; fileRef = 8DEE158C2744D82E00708391 /* Database.swift */; };
		8DEE15A42744D82E00708391 /* MainScreenStoreModel.swift in Sources */ = {isa = PBXBuildFile; fileRef = 8DEE158D2744D82E00708391 /* MainScreenStoreModel.swift */; };
		8DEE15A52744D82E00708391 /* Assets.xcassets in Resources */ = {isa = PBXBuildFile; fileRef = 8DEE158E2744D82E00708391 /* Assets.xcassets */; };
		8DEE15A62744D82E00708391 /* TeamScoreboardView.swift in Sources */ = {isa = PBXBuildFile; fileRef = 8DEE15922744D82E00708391 /* TeamScoreboardView.swift */; };
		8DEE15A82744D82E00708391 /* StartedGameView.swift in Sources */ = {isa = PBXBuildFile; fileRef = 8DEE15942744D82E00708391 /* StartedGameView.swift */; };
		8DEE15A92744D82E00708391 /* PlayerEditView.swift in Sources */ = {isa = PBXBuildFile; fileRef = 8DEE15962744D82E00708391 /* PlayerEditView.swift */; };
		8DEE15AA2744D82E00708391 /* NonStartedGameView.swift in Sources */ = {isa = PBXBuildFile; fileRef = 8DEE15972744D82E00708391 /* NonStartedGameView.swift */; };
		8DEE15AB2744D82E00708391 /* PlayersEditView.swift in Sources */ = {isa = PBXBuildFile; fileRef = 8DEE15982744D82E00708391 /* PlayersEditView.swift */; };
		8DEE15AC2744D82E00708391 /* FinishedGameView.swift in Sources */ = {isa = PBXBuildFile; fileRef = 8DEE159A2744D82E00708391 /* FinishedGameView.swift */; };
		8DEE15AD2744D82E00708391 /* HighScoresView.swift in Sources */ = {isa = PBXBuildFile; fileRef = 8DEE159C2744D82E00708391 /* HighScoresView.swift */; };
		8DEE15AE2744D82E00708391 /* ContentView.swift in Sources */ = {isa = PBXBuildFile; fileRef = 8DEE159D2744D82E00708391 /* ContentView.swift */; };
		8DEE15AF2744D82E00708391 /* RandomNameGenerator.swift in Sources */ = {isa = PBXBuildFile; fileRef = 8DEE159F2744D82E00708391 /* RandomNameGenerator.swift */; };
		8DEE15B02744D82E00708391 /* Player+Extensions.swift in Sources */ = {isa = PBXBuildFile; fileRef = 8DEE15A02744D82E00708391 /* Player+Extensions.swift */; };
/* End PBXBuildFile section */

/* Begin PBXCopyFilesBuildPhase section */
		7555FFB4242A642300829871 /* Embed Frameworks */ = {
			isa = PBXCopyFilesBuildPhase;
			buildActionMask = 2147483647;
			dstPath = "";
			dstSubfolderSpec = 10;
			files = (
				8D4620882746BE6200698E00 /* shared.xcframework in Embed Frameworks */,
			);
			name = "Embed Frameworks";
			runOnlyForDeploymentPostprocessing = 0;
		};
/* End PBXCopyFilesBuildPhase section */

/* Begin PBXFileReference section */
		2152FB032600AC8F00CF470E /* iOSApp.swift */ = {isa = PBXFileReference; lastKnownFileType = sourcecode.swift; path = iOSApp.swift; sourceTree = "<group>"; };
		7555FF7B242A565900829871 /* iosApp.app */ = {isa = PBXFileReference; explicitFileType = wrapper.application; includeInIndex = 0; path = iosApp.app; sourceTree = BUILT_PRODUCTS_DIR; };
		7555FF8C242A565B00829871 /* Info.plist */ = {isa = PBXFileReference; lastKnownFileType = text.plist.xml; path = Info.plist; sourceTree = "<group>"; };
		8DEE158A2744D82E00708391 /* MainScreenState+Extensions.swift */ = {isa = PBXFileReference; fileEncoding = 4; lastKnownFileType = sourcecode.swift; path = "MainScreenState+Extensions.swift"; sourceTree = "<group>"; };
		8DEE158B2744D82E00708391 /* HighScoreStoreModel.swift */ = {isa = PBXFileReference; fileEncoding = 4; lastKnownFileType = sourcecode.swift; path = HighScoreStoreModel.swift; sourceTree = "<group>"; };
		8DEE158C2744D82E00708391 /* Database.swift */ = {isa = PBXFileReference; fileEncoding = 4; lastKnownFileType = sourcecode.swift; path = Database.swift; sourceTree = "<group>"; };
		8DEE158D2744D82E00708391 /* MainScreenStoreModel.swift */ = {isa = PBXFileReference; fileEncoding = 4; lastKnownFileType = sourcecode.swift; path = MainScreenStoreModel.swift; sourceTree = "<group>"; };
		8DEE158E2744D82E00708391 /* Assets.xcassets */ = {isa = PBXFileReference; lastKnownFileType = folder.assetcatalog; path = Assets.xcassets; sourceTree = "<group>"; };
		8DEE15922744D82E00708391 /* TeamScoreboardView.swift */ = {isa = PBXFileReference; fileEncoding = 4; lastKnownFileType = sourcecode.swift; path = TeamScoreboardView.swift; sourceTree = "<group>"; };
		8DEE15942744D82E00708391 /* StartedGameView.swift */ = {isa = PBXFileReference; fileEncoding = 4; lastKnownFileType = sourcecode.swift; path = StartedGameView.swift; sourceTree = "<group>"; };
		8DEE15962744D82E00708391 /* PlayerEditView.swift */ = {isa = PBXFileReference; fileEncoding = 4; lastKnownFileType = sourcecode.swift; path = PlayerEditView.swift; sourceTree = "<group>"; };
		8DEE15972744D82E00708391 /* NonStartedGameView.swift */ = {isa = PBXFileReference; fileEncoding = 4; lastKnownFileType = sourcecode.swift; path = NonStartedGameView.swift; sourceTree = "<group>"; };
		8DEE15982744D82E00708391 /* PlayersEditView.swift */ = {isa = PBXFileReference; fileEncoding = 4; lastKnownFileType = sourcecode.swift; path = PlayersEditView.swift; sourceTree = "<group>"; };
		8DEE159A2744D82E00708391 /* FinishedGameView.swift */ = {isa = PBXFileReference; fileEncoding = 4; lastKnownFileType = sourcecode.swift; path = FinishedGameView.swift; sourceTree = "<group>"; };
		8DEE159C2744D82E00708391 /* HighScoresView.swift */ = {isa = PBXFileReference; fileEncoding = 4; lastKnownFileType = sourcecode.swift; path = HighScoresView.swift; sourceTree = "<group>"; };
		8DEE159D2744D82E00708391 /* ContentView.swift */ = {isa = PBXFileReference; fileEncoding = 4; lastKnownFileType = sourcecode.swift; path = ContentView.swift; sourceTree = "<group>"; };
		8DEE159F2744D82E00708391 /* RandomNameGenerator.swift */ = {isa = PBXFileReference; fileEncoding = 4; lastKnownFileType = sourcecode.swift; path = RandomNameGenerator.swift; sourceTree = "<group>"; };
		8DEE15A02744D82E00708391 /* Player+Extensions.swift */ = {isa = PBXFileReference; fileEncoding = 4; lastKnownFileType = sourcecode.swift; path = "Player+Extensions.swift"; sourceTree = "<group>"; };
		8DEE15B12744DCE800708391 /* shared.xcframework */ = {isa = PBXFileReference; lastKnownFileType = wrapper.xcframework; path = shared.xcframework; sourceTree = "<group>"; };
/* End PBXFileReference section */

/* Begin PBXFrameworksBuildPhase section */
		7555FF78242A565900829871 /* Frameworks */ = {
			isa = PBXFrameworksBuildPhase;
			buildActionMask = 2147483647;
			files = (
				8D4620872746BE6200698E00 /* shared.xcframework in Frameworks */,
			);
			runOnlyForDeploymentPostprocessing = 0;
		};
/* End PBXFrameworksBuildPhase section */

/* Begin PBXGroup section */
		7555FF72242A565900829871 = {
			isa = PBXGroup;
			children = (
				7555FF7D242A565900829871 /* iosApp */,
				7555FF7C242A565900829871 /* Products */,
				7555FFB0242A642200829871 /* Frameworks */,
			);
			sourceTree = "<group>";
		};
		7555FF7C242A565900829871 /* Products */ = {
			isa = PBXGroup;
			children = (
				7555FF7B242A565900829871 /* iosApp.app */,
			);
			name = Products;
			sourceTree = "<group>";
		};
		7555FF7D242A565900829871 /* iosApp */ = {
			isa = PBXGroup;
			children = (
				8DEE158E2744D82E00708391 /* Assets.xcassets */,
				8DEE159E2744D82E00708391 /* Helpers */,
				8DEE15892744D82E00708391 /* Model */,
				8DEE158F2744D82E00708391 /* Views */,
				7555FF8C242A565B00829871 /* Info.plist */,
				2152FB032600AC8F00CF470E /* iOSApp.swift */,
			);
			path = iosApp;
			sourceTree = "<group>";
		};
		7555FFB0242A642200829871 /* Frameworks */ = {
			isa = PBXGroup;
			children = (
				8DEE15B12744DCE800708391 /* shared.xcframework */,
			);
			name = Frameworks;
			sourceTree = "<group>";
		};
		8DEE15892744D82E00708391 /* Model */ = {
			isa = PBXGroup;
			children = (
				8DEE158A2744D82E00708391 /* MainScreenState+Extensions.swift */,
				8DEE158B2744D82E00708391 /* HighScoreStoreModel.swift */,
				8DEE158C2744D82E00708391 /* Database.swift */,
				8DEE158D2744D82E00708391 /* MainScreenStoreModel.swift */,
			);
			path = Model;
			sourceTree = "<group>";
		};
		8DEE158F2744D82E00708391 /* Views */ = {
			isa = PBXGroup;
			children = (
				8DEE15902744D82E00708391 /* Game */,
				8DEE159B2744D82E00708391 /* High Scores */,
				8DEE159D2744D82E00708391 /* ContentView.swift */,
			);
			path = Views;
			sourceTree = "<group>";
		};
		8DEE15902744D82E00708391 /* Game */ = {
			isa = PBXGroup;
			children = (
				8DEE15912744D82E00708391 /* Started */,
				8DEE15952744D82E00708391 /* NonStarted */,
				8DEE15992744D82E00708391 /* Finished */,
			);
			path = Game;
			sourceTree = "<group>";
		};
		8DEE15912744D82E00708391 /* Started */ = {
			isa = PBXGroup;
			children = (
				8DEE15942744D82E00708391 /* StartedGameView.swift */,
				8DEE15922744D82E00708391 /* TeamScoreboardView.swift */,
			);
			path = Started;
			sourceTree = "<group>";
		};
		8DEE15952744D82E00708391 /* NonStarted */ = {
			isa = PBXGroup;
			children = (
				8DEE15962744D82E00708391 /* PlayerEditView.swift */,
				8DEE15972744D82E00708391 /* NonStartedGameView.swift */,
				8DEE15982744D82E00708391 /* PlayersEditView.swift */,
			);
			path = NonStarted;
			sourceTree = "<group>";
		};
		8DEE15992744D82E00708391 /* Finished */ = {
			isa = PBXGroup;
			children = (
				8DEE159A2744D82E00708391 /* FinishedGameView.swift */,
			);
			path = Finished;
			sourceTree = "<group>";
		};
		8DEE159B2744D82E00708391 /* High Scores */ = {
			isa = PBXGroup;
			children = (
				8DEE159C2744D82E00708391 /* HighScoresView.swift */,
			);
			path = "High Scores";
			sourceTree = "<group>";
		};
		8DEE159E2744D82E00708391 /* Helpers */ = {
			isa = PBXGroup;
			children = (
				8DEE159F2744D82E00708391 /* RandomNameGenerator.swift */,
				8DEE15A02744D82E00708391 /* Player+Extensions.swift */,
			);
			path = Helpers;
			sourceTree = "<group>";
		};
/* End PBXGroup section */

/* Begin PBXNativeTarget section */
		7555FF7A242A565900829871 /* iosApp */ = {
			isa = PBXNativeTarget;
			buildConfigurationList = 7555FFA5242A565B00829871 /* Build configuration list for PBXNativeTarget "iosApp" */;
			buildPhases = (
				7555FF77242A565900829871 /* Sources */,
				7555FF78242A565900829871 /* Frameworks */,
				7555FF79242A565900829871 /* Resources */,
				7555FFB4242A642300829871 /* Embed Frameworks */,
			);
			buildRules = (
			);
			dependencies = (
			);
			name = iosApp;
			productName = iosApp;
			productReference = 7555FF7B242A565900829871 /* iosApp.app */;
			productType = "com.apple.product-type.application";
		};
/* End PBXNativeTarget section */

/* Begin PBXProject section */
		7555FF73242A565900829871 /* Project object */ = {
			isa = PBXProject;
			attributes = {
				LastSwiftUpdateCheck = 1130;
				LastUpgradeCheck = 1130;
				ORGANIZATIONNAME = orgName;
				TargetAttributes = {
					7555FF7A242A565900829871 = {
						CreatedOnToolsVersion = 11.3.1;
					};
				};
			};
			buildConfigurationList = 7555FF76242A565900829871 /* Build configuration list for PBXProject "iosApp" */;
			compatibilityVersion = "Xcode 9.3";
			developmentRegion = en;
			hasScannedForEncodings = 0;
			knownRegions = (
				en,
				Base,
			);
			mainGroup = 7555FF72242A565900829871;
			productRefGroup = 7555FF7C242A565900829871 /* Products */;
			projectDirPath = "";
			projectRoot = "";
			targets = (
				7555FF7A242A565900829871 /* iosApp */,
			);
		};
/* End PBXProject section */

/* Begin PBXResourcesBuildPhase section */
		7555FF79242A565900829871 /* Resources */ = {
			isa = PBXResourcesBuildPhase;
			buildActionMask = 2147483647;
			files = (
				8DEE15A52744D82E00708391 /* Assets.xcassets in Resources */,
			);
			runOnlyForDeploymentPostprocessing = 0;
		};
/* End PBXResourcesBuildPhase section */

/* Begin PBXSourcesBuildPhase section */
		7555FF77242A565900829871 /* Sources */ = {
			isa = PBXSourcesBuildPhase;
			buildActionMask = 2147483647;
			files = (
				8DEE15A22744D82E00708391 /* HighScoreStoreModel.swift in Sources */,
				8DEE15AB2744D82E00708391 /* PlayersEditView.swift in Sources */,
				8DEE15AE2744D82E00708391 /* ContentView.swift in Sources */,
				8DEE15A12744D82E00708391 /* MainScreenState+Extensions.swift in Sources */,
				8DEE15AC2744D82E00708391 /* FinishedGameView.swift in Sources */,
				8DEE15A42744D82E00708391 /* MainScreenStoreModel.swift in Sources */,
				8DEE15AA2744D82E00708391 /* NonStartedGameView.swift in Sources */,
				8DEE15AF2744D82E00708391 /* RandomNameGenerator.swift in Sources */,
				8DEE15A92744D82E00708391 /* PlayerEditView.swift in Sources */,
				8DEE15B02744D82E00708391 /* Player+Extensions.swift in Sources */,
				8DEE15A82744D82E00708391 /* StartedGameView.swift in Sources */,
				8DEE15AD2744D82E00708391 /* HighScoresView.swift in Sources */,
				8DEE15A62744D82E00708391 /* TeamScoreboardView.swift in Sources */,
				8DEE15A32744D82E00708391 /* Database.swift in Sources */,
				2152FB042600AC8F00CF470E /* iOSApp.swift in Sources */,
			);
			runOnlyForDeploymentPostprocessing = 0;
		};
/* End PBXSourcesBuildPhase section */

/* Begin XCBuildConfiguration section */
		7555FFA3242A565B00829871 /* Debug */ = {
			isa = XCBuildConfiguration;
			buildSettings = {
				ALWAYS_SEARCH_USER_PATHS = NO;
				CLANG_ANALYZER_NONNULL = YES;
				CLANG_ANALYZER_NUMBER_OBJECT_CONVERSION = YES_AGGRESSIVE;
				CLANG_CXX_LANGUAGE_STANDARD = "gnu++14";
				CLANG_CXX_LIBRARY = "libc++";
				CLANG_ENABLE_MODULES = YES;
				CLANG_ENABLE_OBJC_ARC = YES;
				CLANG_ENABLE_OBJC_WEAK = YES;
				CLANG_WARN_BLOCK_CAPTURE_AUTORELEASING = YES;
				CLANG_WARN_BOOL_CONVERSION = YES;
				CLANG_WARN_COMMA = YES;
				CLANG_WARN_CONSTANT_CONVERSION = YES;
				CLANG_WARN_DEPRECATED_OBJC_IMPLEMENTATIONS = YES;
				CLANG_WARN_DIRECT_OBJC_ISA_USAGE = YES_ERROR;
				CLANG_WARN_DOCUMENTATION_COMMENTS = YES;
				CLANG_WARN_EMPTY_BODY = YES;
				CLANG_WARN_ENUM_CONVERSION = YES;
				CLANG_WARN_INFINITE_RECURSION = YES;
				CLANG_WARN_INT_CONVERSION = YES;
				CLANG_WARN_NON_LITERAL_NULL_CONVERSION = YES;
				CLANG_WARN_OBJC_IMPLICIT_RETAIN_SELF = YES;
				CLANG_WARN_OBJC_LITERAL_CONVERSION = YES;
				CLANG_WARN_OBJC_ROOT_CLASS = YES_ERROR;
				CLANG_WARN_QUOTED_INCLUDE_IN_FRAMEWORK_HEADER = YES;
				CLANG_WARN_RANGE_LOOP_ANALYSIS = YES;
				CLANG_WARN_STRICT_PROTOTYPES = YES;
				CLANG_WARN_SUSPICIOUS_MOVE = YES;
				CLANG_WARN_UNGUARDED_AVAILABILITY = YES_AGGRESSIVE;
				CLANG_WARN_UNREACHABLE_CODE = YES;
				CLANG_WARN__DUPLICATE_METHOD_MATCH = YES;
				COPY_PHASE_STRIP = NO;
				DEBUG_INFORMATION_FORMAT = "dwarf-with-dsym";
				ENABLE_STRICT_OBJC_MSGSEND = YES;
				ENABLE_TESTABILITY = YES;
				GCC_C_LANGUAGE_STANDARD = gnu11;
				GCC_DYNAMIC_NO_PIC = NO;
				GCC_NO_COMMON_BLOCKS = YES;
				GCC_OPTIMIZATION_LEVEL = 0;
				GCC_PREPROCESSOR_DEFINITIONS = (
					"DEBUG=1",
					"$(inherited)",
				);
				GCC_WARN_64_TO_32_BIT_CONVERSION = YES;
				GCC_WARN_ABOUT_RETURN_TYPE = YES_ERROR;
				GCC_WARN_UNDECLARED_SELECTOR = YES;
				GCC_WARN_UNINITIALIZED_AUTOS = YES_AGGRESSIVE;
				GCC_WARN_UNUSED_FUNCTION = YES;
				GCC_WARN_UNUSED_VARIABLE = YES;
				IPHONEOS_DEPLOYMENT_TARGET = 14.1;
				MTL_ENABLE_DEBUG_INFO = INCLUDE_SOURCE;
				MTL_FAST_MATH = YES;
				ONLY_ACTIVE_ARCH = YES;
				SDKROOT = iphoneos;
				SWIFT_ACTIVE_COMPILATION_CONDITIONS = DEBUG;
				SWIFT_OPTIMIZATION_LEVEL = "-Onone";
			};
			name = Debug;
		};
		7555FFA4242A565B00829871 /* Release */ = {
			isa = XCBuildConfiguration;
			buildSettings = {
				ALWAYS_SEARCH_USER_PATHS = NO;
				CLANG_ANALYZER_NONNULL = YES;
				CLANG_ANALYZER_NUMBER_OBJECT_CONVERSION = YES_AGGRESSIVE;
				CLANG_CXX_LANGUAGE_STANDARD = "gnu++14";
				CLANG_CXX_LIBRARY = "libc++";
				CLANG_ENABLE_MODULES = YES;
				CLANG_ENABLE_OBJC_ARC = YES;
				CLANG_ENABLE_OBJC_WEAK = YES;
				CLANG_WARN_BLOCK_CAPTURE_AUTORELEASING = YES;
				CLANG_WARN_BOOL_CONVERSION = YES;
				CLANG_WARN_COMMA = YES;
				CLANG_WARN_CONSTANT_CONVERSION = YES;
				CLANG_WARN_DEPRECATED_OBJC_IMPLEMENTATIONS = YES;
				CLANG_WARN_DIRECT_OBJC_ISA_USAGE = YES_ERROR;
				CLANG_WARN_DOCUMENTATION_COMMENTS = YES;
				CLANG_WARN_EMPTY_BODY = YES;
				CLANG_WARN_ENUM_CONVERSION = YES;
				CLANG_WARN_INFINITE_RECURSION = YES;
				CLANG_WARN_INT_CONVERSION = YES;
				CLANG_WARN_NON_LITERAL_NULL_CONVERSION = YES;
				CLANG_WARN_OBJC_IMPLICIT_RETAIN_SELF = YES;
				CLANG_WARN_OBJC_LITERAL_CONVERSION = YES;
				CLANG_WARN_OBJC_ROOT_CLASS = YES_ERROR;
				CLANG_WARN_QUOTED_INCLUDE_IN_FRAMEWORK_HEADER = YES;
				CLANG_WARN_RANGE_LOOP_ANALYSIS = YES;
				CLANG_WARN_STRICT_PROTOTYPES = YES;
				CLANG_WARN_SUSPICIOUS_MOVE = YES;
				CLANG_WARN_UNGUARDED_AVAILABILITY = YES_AGGRESSIVE;
				CLANG_WARN_UNREACHABLE_CODE = YES;
				CLANG_WARN__DUPLICATE_METHOD_MATCH = YES;
				COPY_PHASE_STRIP = NO;
				DEBUG_INFORMATION_FORMAT = "dwarf-with-dsym";
				ENABLE_NS_ASSERTIONS = NO;
				ENABLE_STRICT_OBJC_MSGSEND = YES;
				GCC_C_LANGUAGE_STANDARD = gnu11;
				GCC_NO_COMMON_BLOCKS = YES;
				GCC_WARN_64_TO_32_BIT_CONVERSION = YES;
				GCC_WARN_ABOUT_RETURN_TYPE = YES_ERROR;
				GCC_WARN_UNDECLARED_SELECTOR = YES;
				GCC_WARN_UNINITIALIZED_AUTOS = YES_AGGRESSIVE;
				GCC_WARN_UNUSED_FUNCTION = YES;
				GCC_WARN_UNUSED_VARIABLE = YES;
				IPHONEOS_DEPLOYMENT_TARGET = 14.1;
				MTL_ENABLE_DEBUG_INFO = NO;
				MTL_FAST_MATH = YES;
				SDKROOT = iphoneos;
				SWIFT_COMPILATION_MODE = wholemodule;
				SWIFT_OPTIMIZATION_LEVEL = "-O";
				VALIDATE_PRODUCT = YES;
			};
			name = Release;
		};
		7555FFA6242A565B00829871 /* Debug */ = {
			isa = XCBuildConfiguration;
			buildSettings = {
				ASSETCATALOG_COMPILER_APPICON_NAME = AppIcon;
				CODE_SIGN_STYLE = Automatic;
				ENABLE_PREVIEWS = YES;
				INFOPLIST_FILE = iosApp/Info.plist;
				IPHONEOS_DEPLOYMENT_TARGET = 15.0;
				LD_RUNPATH_SEARCH_PATHS = (
					"$(inherited)",
					"@executable_path/Frameworks",
				);
				OTHER_LDFLAGS = (
					"$(inherited)",
					"-framework",
					shared,
				);
				PRODUCT_BUNDLE_IDENTIFIER = kontur.kickerchamp.ios;
				PRODUCT_NAME = "$(TARGET_NAME)";
				SWIFT_VERSION = 5.0;
				TARGETED_DEVICE_FAMILY = "1,2";
			};
			name = Debug;
		};
		7555FFA7242A565B00829871 /* Release */ = {
			isa = XCBuildConfiguration;
			buildSettings = {
				ASSETCATALOG_COMPILER_APPICON_NAME = AppIcon;
				CODE_SIGN_STYLE = Automatic;
				ENABLE_PREVIEWS = YES;
				INFOPLIST_FILE = iosApp/Info.plist;
				IPHONEOS_DEPLOYMENT_TARGET = 15.0;
				LD_RUNPATH_SEARCH_PATHS = (
					"$(inherited)",
					"@executable_path/Frameworks",
				);
				OTHER_LDFLAGS = (
					"$(inherited)",
					"-framework",
					shared,
				);
				PRODUCT_BUNDLE_IDENTIFIER = kontur.kickerchamp.ios;
				PRODUCT_NAME = "$(TARGET_NAME)";
				SWIFT_VERSION = 5.0;
				TARGETED_DEVICE_FAMILY = "1,2";
			};
			name = Release;
		};
/* End XCBuildConfiguration section */

/* Begin XCConfigurationList section */
		7555FF76242A565900829871 /* Build configuration list for PBXProject "iosApp" */ = {
			isa = XCConfigurationList;
			buildConfigurations = (
				7555FFA3242A565B00829871 /* Debug */,
				7555FFA4242A565B00829871 /* Release */,
			);
			defaultConfigurationIsVisible = 0;
			defaultConfigurationName = Release;
		};
		7555FFA5242A565B00829871 /* Build configuration list for PBXNativeTarget "iosApp" */ = {
			isa = XCConfigurationList;
			buildConfigurations = (
				7555FFA6242A565B00829871 /* Debug */,
				7555FFA7242A565B00829871 /* Release */,
			);
			defaultConfigurationIsVisible = 0;
			defaultConfigurationName = Release;
		};
/* End XCConfigurationList section */
	};
	rootObject = 7555FF73242A565900829871 /* Project object */;
}
